// !$*UTF8*$!
{
	archiveVersion = 1;
	classes = {
	};
	objectVersion = 46;
	objects = {

/* Begin PBXBuildFile section */
		940D0B1E1EF42FEC00EE4C88 /* main.cpp in Sources */ = {isa = PBXBuildFile; fileRef = 940D0B1A1EF42FEC00EE4C88 /* main.cpp */; };
		940D0B1F1EF42FEC00EE4C88 /* eightball.cpp in Sources */ = {isa = PBXBuildFile; fileRef = 940D0B1B1EF42FEC00EE4C88 /* eightball.cpp */; };
		94D84F511EF5AE0700FE7C72 /* cmdline.cpp in Sources */ = {isa = PBXBuildFile; fileRef = 94D84F4F1EF5AE0700FE7C72 /* cmdline.cpp */; };
/* End PBXBuildFile section */

/* Begin PBXCopyFilesBuildPhase section */
		94C72BF31EF42F8B00D99157 /* CopyFiles */ = {
			isa = PBXCopyFilesBuildPhase;
			buildActionMask = 2147483647;
			dstPath = /usr/share/man/man1/;
			dstSubfolderSpec = 0;
			files = (
			);
			runOnlyForDeploymentPostprocessing = 1;
		};
/* End PBXCopyFilesBuildPhase section */

/* Begin PBXFileReference section */
		940D0B1A1EF42FEC00EE4C88 /* main.cpp */ = {isa = PBXFileReference; fileEncoding = 4; lastKnownFileType = sourcecode.cpp.cpp; path = main.cpp; sourceTree = "<group>"; };
		940D0B1B1EF42FEC00EE4C88 /* eightball.cpp */ = {isa = PBXFileReference; fileEncoding = 4; lastKnownFileType = sourcecode.cpp.cpp; path = eightball.cpp; sourceTree = "<group>"; };
		940D0B1C1EF42FEC00EE4C88 /* crc32.h */ = {isa = PBXFileReference; fileEncoding = 4; lastKnownFileType = sourcecode.c.h; path = crc32.h; sourceTree = "<group>"; };
		940D0B1D1EF42FEC00EE4C88 /* eightball.h */ = {isa = PBXFileReference; fileEncoding = 4; lastKnownFileType = sourcecode.c.h; path = eightball.h; sourceTree = "<group>"; };
		94C72BF51EF42F8B00D99157 /* eightball */ = {isa = PBXFileReference; explicitFileType = "compiled.mach-o.executable"; includeInIndex = 0; path = eightball; sourceTree = BUILT_PRODUCTS_DIR; };
		94D84F4F1EF5AE0700FE7C72 /* cmdline.cpp */ = {isa = PBXFileReference; fileEncoding = 4; lastKnownFileType = sourcecode.cpp.cpp; path = cmdline.cpp; sourceTree = "<group>"; };
		94D84F501EF5AE0700FE7C72 /* cmdline.h */ = {isa = PBXFileReference; fileEncoding = 4; lastKnownFileType = sourcecode.c.h; path = cmdline.h; sourceTree = "<group>"; };
/* End PBXFileReference section */

/* Begin PBXFrameworksBuildPhase section */
		94C72BF21EF42F8B00D99157 /* Frameworks */ = {
			isa = PBXFrameworksBuildPhase;
			buildActionMask = 2147483647;
			files = (
			);
			runOnlyForDeploymentPostprocessing = 0;
		};
/* End PBXFrameworksBuildPhase section */

/* Begin PBXGroup section */
		94C72BEC1EF42F8B00D99157 = {
			isa = PBXGroup;
			children = (
				94C72BF71EF42F8B00D99157 /* eightball */,
				94C72BF61EF42F8B00D99157 /* Products */,
			);
			sourceTree = "<group>";
		};
		94C72BF61EF42F8B00D99157 /* Products */ = {
			isa = PBXGroup;
			children = (
				94C72BF51EF42F8B00D99157 /* eightball */,
			);
			name = Products;
			sourceTree = "<group>";
		};
		94C72BF71EF42F8B00D99157 /* eightball */ = {
			isa = PBXGroup;
			children = (
				94D84F4F1EF5AE0700FE7C72 /* cmdline.cpp */,
				94D84F501EF5AE0700FE7C72 /* cmdline.h */,
				940D0B1A1EF42FEC00EE4C88 /* main.cpp */,
				940D0B1B1EF42FEC00EE4C88 /* eightball.cpp */,
				940D0B1C1EF42FEC00EE4C88 /* crc32.h */,
				940D0B1D1EF42FEC00EE4C88 /* eightball.h */,
			);
			path = eightball;
			sourceTree = "<group>";
		};
/* End PBXGroup section */

/* Begin PBXNativeTarget section */
		94C72BF41EF42F8B00D99157 /* eightball */ = {
			isa = PBXNativeTarget;
			buildConfigurationList = 94C72BFC1EF42F8B00D99157 /* Build configuration list for PBXNativeTarget "eightball" */;
			buildPhases = (
				94C72BF11EF42F8B00D99157 /* Sources */,
				94C72BF21EF42F8B00D99157 /* Frameworks */,
				94C72BF31EF42F8B00D99157 /* CopyFiles */,
			);
			buildRules = (
			);
			dependencies = (
			);
			name = eightball;
			productName = eightball;
			productReference = 94C72BF51EF42F8B00D99157 /* eightball */;
			productType = "com.apple.product-type.tool";
		};
/* End PBXNativeTarget section */

/* Begin PBXProject section */
		94C72BED1EF42F8B00D99157 /* Project object */ = {
			isa = PBXProject;
			attributes = {
				LastUpgradeCheck = 0830;
				ORGANIZATIONNAME = "Ryan Lederman";
				TargetAttributes = {
					94C72BF41EF42F8B00D99157 = {
						CreatedOnToolsVersion = 8.3.3;
						DevelopmentTeam = 3HEQH423N5;
						ProvisioningStyle = Automatic;
					};
				};
			};
			buildConfigurationList = 94C72BF01EF42F8B00D99157 /* Build configuration list for PBXProject "eightball" */;
			compatibilityVersion = "Xcode 3.2";
			developmentRegion = English;
			hasScannedForEncodings = 0;
			knownRegions = (
				en,
			);
			mainGroup = 94C72BEC1EF42F8B00D99157;
			productRefGroup = 94C72BF61EF42F8B00D99157 /* Products */;
			projectDirPath = "";
			projectRoot = "";
			targets = (
				94C72BF41EF42F8B00D99157 /* eightball */,
			);
		};
/* End PBXProject section */

/* Begin PBXSourcesBuildPhase section */
		94C72BF11EF42F8B00D99157 /* Sources */ = {
			isa = PBXSourcesBuildPhase;
			buildActionMask = 2147483647;
			files = (
				940D0B1F1EF42FEC00EE4C88 /* eightball.cpp in Sources */,
				940D0B1E1EF42FEC00EE4C88 /* main.cpp in Sources */,
				94D84F511EF5AE0700FE7C72 /* cmdline.cpp in Sources */,
			);
			runOnlyForDeploymentPostprocessing = 0;
		};
/* End PBXSourcesBuildPhase section */

/* Begin XCBuildConfiguration section */
		94C72BFA1EF42F8B00D99157 /* Debug */ = {
			isa = XCBuildConfiguration;
			buildSettings = {
				ALWAYS_SEARCH_USER_PATHS = NO;
				CLANG_ANALYZER_NONNULL = YES;
				CLANG_ANALYZER_NUMBER_OBJECT_CONVERSION = YES_AGGRESSIVE;
				CLANG_CXX_LANGUAGE_STANDARD = "gnu++0x";
				CLANG_CXX_LIBRARY = "libc++";
				CLANG_ENABLE_MODULES = YES;
				CLANG_ENABLE_OBJC_ARC = YES;
				CLANG_WARN_BOOL_CONVERSION = YES;
				CLANG_WARN_CONSTANT_CONVERSION = YES;
				CLANG_WARN_DIRECT_OBJC_ISA_USAGE = YES_ERROR;
				CLANG_WARN_DOCUMENTATION_COMMENTS = YES;
				CLANG_WARN_EMPTY_BODY = YES;
				CLANG_WARN_ENUM_CONVERSION = YES;
				CLANG_WARN_INFINITE_RECURSION = YES;
				CLANG_WARN_INT_CONVERSION = YES;
				CLANG_WARN_OBJC_ROOT_CLASS = YES_ERROR;
				CLANG_WARN_SUSPICIOUS_MOVE = YES;
				CLANG_WARN_UNREACHABLE_CODE = YES;
				CLANG_WARN__DUPLICATE_METHOD_MATCH = YES;
				CODE_SIGN_IDENTITY = "-";
				COPY_PHASE_STRIP = NO;
				DEBUG_INFORMATION_FORMAT = dwarf;
				ENABLE_STRICT_OBJC_MSGSEND = YES;
				ENABLE_TESTABILITY = YES;
				GCC_C_LANGUAGE_STANDARD = gnu99;
				GCC_DYNAMIC_NO_PIC = NO;
				GCC_NO_COMMON_BLOCKS = YES;
				GCC_OPTIMIZATION_LEVEL = 0;
				GCC_PREPROCESSOR_DEFINITIONS = (
					"DEBUG=1",
					"$(inherited)",
				);
				GCC_WARN_64_TO_32_BIT_CONVERSION = YES;
				GCC_WARN_ABOUT_RETURN_TYPE = YES_ERROR;
				GCC_WARN_UNDECLARED_SELECTOR = YES;
				GCC_WARN_UNINITIALIZED_AUTOS = YES_AGGRESSIVE;
				GCC_WARN_UNUSED_FUNCTION = YES;
				GCC_WARN_UNUSED_VARIABLE = YES;
				MACOSX_DEPLOYMENT_TARGET = 10.12;
				MTL_ENABLE_DEBUG_INFO = YES;
				ONLY_ACTIVE_ARCH = YES;
				SDKROOT = macosx;
			};
			name = Debug;
		};
		94C72BFB1EF42F8B00D99157 /* Release */ = {
			isa = XCBuildConfiguration;
			buildSettings = {
				ALWAYS_SEARCH_USER_PATHS = NO;
				CLANG_ANALYZER_NONNULL = YES;
				CLANG_ANALYZER_NUMBER_OBJECT_CONVERSION = YES_AGGRESSIVE;
				CLANG_CXX_LANGUAGE_STANDARD = "gnu++0x";
				CLANG_CXX_LIBRARY = "libc++";
				CLANG_ENABLE_MODULES = YES;
				CLANG_ENABLE_OBJC_ARC = YES;
				CLANG_WARN_BOOL_CONVERSION = YES;
				CLANG_WARN_CONSTANT_CONVERSION = YES;
				CLANG_WARN_DIRECT_OBJC_ISA_USAGE = YES_ERROR;
				CLANG_WARN_DOCUMENTATION_COMMENTS = YES;
				CLANG_WARN_EMPTY_BODY = YES;
				CLANG_WARN_ENUM_CONVERSION = YES;
				CLANG_WARN_INFINITE_RECURSION = YES;
				CLANG_WARN_INT_CONVERSION = YES;
				CLANG_WARN_OBJC_ROOT_CLASS = YES_ERROR;
				CLANG_WARN_SUSPICIOUS_MOVE = YES;
				CLANG_WARN_UNREACHABLE_CODE = YES;
				CLANG_WARN__DUPLICATE_METHOD_MATCH = YES;
				CODE_SIGN_IDENTITY = "-";
				COPY_PHASE_STRIP = NO;
				DEBUG_INFORMATION_FORMAT = "dwarf-with-dsym";
				ENABLE_NS_ASSERTIONS = NO;
				ENABLE_STRICT_OBJC_MSGSEND = YES;
				GCC_C_LANGUAGE_STANDARD = gnu99;
				GCC_NO_COMMON_BLOCKS = YES;
				GCC_WARN_64_TO_32_BIT_CONVERSION = YES;
				GCC_WARN_ABOUT_RETURN_TYPE = YES_ERROR;
				GCC_WARN_UNDECLARED_SELECTOR = YES;
				GCC_WARN_UNINITIALIZED_AUTOS = YES_AGGRESSIVE;
				GCC_WARN_UNUSED_FUNCTION = YES;
				GCC_WARN_UNUSED_VARIABLE = YES;
				MACOSX_DEPLOYMENT_TARGET = 10.12;
				MTL_ENABLE_DEBUG_INFO = NO;
				SDKROOT = macosx;
			};
			name = Release;
		};
		94C72BFD1EF42F8B00D99157 /* Debug */ = {
			isa = XCBuildConfiguration;
			buildSettings = {
				DEVELOPMENT_TEAM = 3HEQH423N5;
				PRODUCT_NAME = "$(TARGET_NAME)";
			};
			name = Debug;
		};
		94C72BFE1EF42F8B00D99157 /* Release */ = {
			isa = XCBuildConfiguration;
			buildSettings = {
				DEVELOPMENT_TEAM = 3HEQH423N5;
				PRODUCT_NAME = "$(TARGET_NAME)";
			};
			name = Release;
		};
/* End XCBuildConfiguration section */

/* Begin XCConfigurationList section */
		94C72BF01EF42F8B00D99157 /* Build configuration list for PBXProject "eightball" */ = {
			isa = XCConfigurationList;
			buildConfigurations = (
				94C72BFA1EF42F8B00D99157 /* Debug */,
				94C72BFB1EF42F8B00D99157 /* Release */,
			);
			defaultConfigurationIsVisible = 0;
			defaultConfigurationName = Release;
		};
		94C72BFC1EF42F8B00D99157 /* Build configuration list for PBXNativeTarget "eightball" */ = {
			isa = XCConfigurationList;
			buildConfigurations = (
				94C72BFD1EF42F8B00D99157 /* Debug */,
				94C72BFE1EF42F8B00D99157 /* Release */,
			);
			defaultConfigurationIsVisible = 0;
			defaultConfigurationName = Release;
		};
/* End XCConfigurationList section */
	};
	rootObject = 94C72BED1EF42F8B00D99157 /* Project object */;
}
